
Microsoft Visual Studio Solution File, Format Version 12.00
# Visual Studio Version 16
VisualStudioVersion = 16.0.29215.179
MinimumVisualStudioVersion = 10.0.40219.1
Project("{2150E333-8FDC-42A3-9474-1A3956D46DE8}") = "DataLayer", "DataLayer", "{DCB1E4F4-3B3A-4343-B3FF-08716FD65834}"
EndProject
Project("{FAE04EC0-301F-11D3-BF4B-00C04F79EFBC}") = "Blotter.DataLayer", "Blotter.DataLayer\Blotter.DataLayer.csproj", "{0C3C8B83-086D-4AA8-9FB3-0709404F02BB}"
EndProject
Project("{2150E333-8FDC-42A3-9474-1A3956D46DE8}") = "Domain", "Domain", "{F127862D-7A02-4631-B480-E97619E82876}"
EndProject
Project("{FAE04EC0-301F-11D3-BF4B-00C04F79EFBC}") = "Blotter.Domain", "Blotter.Domain\Blotter.Domain.csproj", "{7DB53F70-0587-417C-B150-4FE9875839BA}"
EndProject
Project("{2150E333-8FDC-42A3-9474-1A3956D46DE8}") = "Common", "Common", "{686122D6-A5D4-495F-A370-B0FDB120E256}"
EndProject
Project("{FAE04EC0-301F-11D3-BF4B-00C04F79EFBC}") = "Blotter.Common", "Blotter.Common\Blotter.Common.csproj", "{A41DE3B9-4D9A-4032-8D81-4A2CC7154D43}"
EndProject
Global
	GlobalSection(SolutionConfigurationPlatforms) = preSolution
		Debug|Any CPU = Debug|Any CPU
		Release|Any CPU = Release|Any CPU
	EndGlobalSection
	GlobalSection(ProjectConfigurationPlatforms) = postSolution
		{0C3C8B83-086D-4AA8-9FB3-0709404F02BB}.Debug|Any CPU.ActiveCfg = Debug|Any CPU
		{0C3C8B83-086D-4AA8-9FB3-0709404F02BB}.Debug|Any CPU.Build.0 = Debug|Any CPU
		{0C3C8B83-086D-4AA8-9FB3-0709404F02BB}.Release|Any CPU.ActiveCfg = Release|Any CPU
		{0C3C8B83-086D-4AA8-9FB3-0709404F02BB}.Release|Any CPU.Build.0 = Release|Any CPU
		{7DB53F70-0587-417C-B150-4FE9875839BA}.Debug|Any CPU.ActiveCfg = Debug|Any CPU
		{7DB53F70-0587-417C-B150-4FE9875839BA}.Debug|Any CPU.Build.0 = Debug|Any CPU
		{7DB53F70-0587-417C-B150-4FE9875839BA}.Release|Any CPU.ActiveCfg = Release|Any CPU
		{7DB53F70-0587-417C-B150-4FE9875839BA}.Release|Any CPU.Build.0 = Release|Any CPU
		{A41DE3B9-4D9A-4032-8D81-4A2CC7154D43}.Debug|Any CPU.ActiveCfg = Debug|Any CPU
		{A41DE3B9-4D9A-4032-8D81-4A2CC7154D43}.Debug|Any CPU.Build.0 = Debug|Any CPU
		{A41DE3B9-4D9A-4032-8D81-4A2CC7154D43}.Release|Any CPU.ActiveCfg = Release|Any CPU
		{A41DE3B9-4D9A-4032-8D81-4A2CC7154D43}.Release|Any CPU.Build.0 = Release|Any CPU
	EndGlobalSection
	GlobalSection(SolutionProperties) = preSolution
		HideSolutionNode = FALSE
	EndGlobalSection
	GlobalSection(NestedProjects) = preSolution
		{0C3C8B83-086D-4AA8-9FB3-0709404F02BB} = {DCB1E4F4-3B3A-4343-B3FF-08716FD65834}
		{7DB53F70-0587-417C-B150-4FE9875839BA} = {F127862D-7A02-4631-B480-E97619E82876}
		{A41DE3B9-4D9A-4032-8D81-4A2CC7154D43} = {686122D6-A5D4-495F-A370-B0FDB120E256}
	EndGlobalSection
	GlobalSection(ExtensibilityGlobals) = postSolution
		SolutionGuid = {87FF8215-8B69-42BB-9BC4-B10CC505A870}
	EndGlobalSection
EndGlobal
